// !$*UTF8*$!
{
	archiveVersion = 1;
	classes = {
	};
	objectVersion = 46;
	objects = {

/* Begin PBXBuildFile section */
		2A228F9B1DE27A9F006CA100 /* AppDelegate.swift in Sources */ = {isa = PBXBuildFile; fileRef = 2A228F9A1DE27A9F006CA100 /* AppDelegate.swift */; };
		2A228F9D1DE27A9F006CA100 /* ViewController.swift in Sources */ = {isa = PBXBuildFile; fileRef = 2A228F9C1DE27A9F006CA100 /* ViewController.swift */; };
		2A228FA01DE27A9F006CA100 /* Main.storyboard in Resources */ = {isa = PBXBuildFile; fileRef = 2A228F9E1DE27A9F006CA100 /* Main.storyboard */; };
		2A228FA31DE27A9F006CA100 /* DreamLister.xcdatamodeld in Sources */ = {isa = PBXBuildFile; fileRef = 2A228FA11DE27A9F006CA100 /* DreamLister.xcdatamodeld */; };
		2A228FA51DE27A9F006CA100 /* Assets.xcassets in Resources */ = {isa = PBXBuildFile; fileRef = 2A228FA41DE27A9F006CA100 /* Assets.xcassets */; };
		2A228FA81DE27A9F006CA100 /* LaunchScreen.storyboard in Resources */ = {isa = PBXBuildFile; fileRef = 2A228FA61DE27A9F006CA100 /* LaunchScreen.storyboard */; };
/* End PBXBuildFile section */

/* Begin PBXFileReference section */
		2A228F971DE27A9F006CA100 /* DreamLister.app */ = {isa = PBXFileReference; explicitFileType = wrapper.application; includeInIndex = 0; path = DreamLister.app; sourceTree = BUILT_PRODUCTS_DIR; };
		2A228F9A1DE27A9F006CA100 /* AppDelegate.swift */ = {isa = PBXFileReference; lastKnownFileType = sourcecode.swift; path = AppDelegate.swift; sourceTree = "<group>"; };
		2A228F9C1DE27A9F006CA100 /* ViewController.swift */ = {isa = PBXFileReference; lastKnownFileType = sourcecode.swift; path = ViewController.swift; sourceTree = "<group>"; };
		2A228F9F1DE27A9F006CA100 /* Base */ = {isa = PBXFileReference; lastKnownFileType = file.storyboard; name = Base; path = Base.lproj/Main.storyboard; sourceTree = "<group>"; };
		2A228FA21DE27A9F006CA100 /* DreamLister.xcdatamodel */ = {isa = PBXFileReference; lastKnownFileType = wrapper.xcdatamodel; path = DreamLister.xcdatamodel; sourceTree = "<group>"; };
		2A228FA41DE27A9F006CA100 /* Assets.xcassets */ = {isa = PBXFileReference; lastKnownFileType = folder.assetcatalog; path = Assets.xcassets; sourceTree = "<group>"; };
		2A228FA71DE27A9F006CA100 /* Base */ = {isa = PBXFileReference; lastKnownFileType = file.storyboard; name = Base; path = Base.lproj/LaunchScreen.storyboard; sourceTree = "<group>"; };
		2A228FA91DE27A9F006CA100 /* Info.plist */ = {isa = PBXFileReference; lastKnownFileType = text.plist.xml; path = Info.plist; sourceTree = "<group>"; };
/* End PBXFileReference section */

/* Begin PBXFrameworksBuildPhase section */
		2A228F941DE27A9F006CA100 /* Frameworks */ = {
			isa = PBXFrameworksBuildPhase;
			buildActionMask = 2147483647;
			files = (
			);
			runOnlyForDeploymentPostprocessing = 0;
		};
/* End PBXFrameworksBuildPhase section */

/* Begin PBXGroup section */
		2A228F8E1DE27A9F006CA100 = {
			isa = PBXGroup;
			children = (
				2A228F991DE27A9F006CA100 /* DreamLister */,
				2A228F981DE27A9F006CA100 /* Products */,
			);
			sourceTree = "<group>";
		};
		2A228F981DE27A9F006CA100 /* Products */ = {
			isa = PBXGroup;
			children = (
				2A228F971DE27A9F006CA100 /* DreamLister.app */,
			);
			name = Products;
			sourceTree = "<group>";
		};
		2A228F991DE27A9F006CA100 /* DreamLister */ = {
			isa = PBXGroup;
			children = (
				2A228F9A1DE27A9F006CA100 /* AppDelegate.swift */,
				2A228F9C1DE27A9F006CA100 /* ViewController.swift */,
				2A228F9E1DE27A9F006CA100 /* Main.storyboard */,
				2A228FA41DE27A9F006CA100 /* Assets.xcassets */,
				2A228FA61DE27A9F006CA100 /* LaunchScreen.storyboard */,
				2A228FA91DE27A9F006CA100 /* Info.plist */,
				2A228FA11DE27A9F006CA100 /* DreamLister.xcdatamodeld */,
			);
			path = DreamLister;
			sourceTree = "<group>";
		};
/* End PBXGroup section */

/* Begin PBXNativeTarget section */
		2A228F961DE27A9F006CA100 /* DreamLister */ = {
			isa = PBXNativeTarget;
			buildConfigurationList = 2A228FAC1DE27A9F006CA100 /* Build configuration list for PBXNativeTarget "DreamLister" */;
			buildPhases = (
				2A228F931DE27A9F006CA100 /* Sources */,
				2A228F941DE27A9F006CA100 /* Frameworks */,
				2A228F951DE27A9F006CA100 /* Resources */,
			);
			buildRules = (
			);
			dependencies = (
			);
			name = DreamLister;
			productName = DreamLister;
			productReference = 2A228F971DE27A9F006CA100 /* DreamLister.app */;
			productType = "com.apple.product-type.application";
		};
/* End PBXNativeTarget section */

/* Begin PBXProject section */
		2A228F8F1DE27A9F006CA100 /* Project object */ = {
			isa = PBXProject;
			attributes = {
				LastSwiftUpdateCheck = 0810;
				LastUpgradeCheck = 0810;
				ORGANIZATIONNAME = Kimar;
				TargetAttributes = {
					2A228F961DE27A9F006CA100 = {
						CreatedOnToolsVersion = 8.1;
						DevelopmentTeam = 68P9D67JUK;
						ProvisioningStyle = Automatic;
					};
				};
			};
			buildConfigurationList = 2A228F921DE27A9F006CA100 /* Build configuration list for PBXProject "DreamLister" */;
			compatibilityVersion = "Xcode 3.2";
			developmentRegion = English;
			hasScannedForEncodings = 0;
			knownRegions = (
				en,
				Base,
			);
			mainGroup = 2A228F8E1DE27A9F006CA100;
			productRefGroup = 2A228F981DE27A9F006CA100 /* Products */;
			projectDirPath = "";
			projectRoot = "";
			targets = (
				2A228F961DE27A9F006CA100 /* DreamLister */,
			);
		};
/* End PBXProject section */

/* Begin PBXResourcesBuildPhase section */
		2A228F951DE27A9F006CA100 /* Resources */ = {
			isa = PBXResourcesBuildPhase;
			buildActionMask = 2147483647;
			files = (
				2A228FA81DE27A9F006CA100 /* LaunchScreen.storyboard in Resources */,
				2A228FA51DE27A9F006CA100 /* Assets.xcassets in Resources */,
				2A228FA01DE27A9F006CA100 /* Main.storyboard in Resources */,
			);
			runOnlyForDeploymentPostprocessing = 0;
		};
/* End PBXResourcesBuildPhase section */

/* Begin PBXSourcesBuildPhase section */
		2A228F931DE27A9F006CA100 /* Sources */ = {
			isa = PBXSourcesBuildPhase;
			buildActionMask = 2147483647;
			files = (
				2A228F9D1DE27A9F006CA100 /* ViewController.swift in Sources */,
				2A228F9B1DE27A9F006CA100 /* AppDelegate.swift in Sources */,
				2A228FA31DE27A9F006CA100 /* DreamLister.xcdatamodeld in Sources */,
			);
			runOnlyForDeploymentPostprocessing = 0;
		};
/* End PBXSourcesBuildPhase section */

/* Begin PBXVariantGroup section */
		2A228F9E1DE27A9F006CA100 /* Main.storyboard */ = {
			isa = PBXVariantGroup;
			children = (
				2A228F9F1DE27A9F006CA100 /* Base */,
			);
			name = Main.storyboard;
			sourceTree = "<group>";
		};
		2A228FA61DE27A9F006CA100 /* LaunchScreen.storyboard */ = {
			isa = PBXVariantGroup;
			children = (
				2A228FA71DE27A9F006CA100 /* Base */,
			);
			name = LaunchScreen.storyboard;
			sourceTree = "<group>";
		};
/* End PBXVariantGroup section */

/* Begin XCBuildConfiguration section */
		2A228FAA1DE27A9F006CA100 /* Debug */ = {
			isa = XCBuildConfiguration;
			buildSettings = {
				ALWAYS_SEARCH_USER_PATHS = NO;
				CLANG_ANALYZER_NONNULL = YES;
				CLANG_CXX_LANGUAGE_STANDARD = "gnu++0x";
				CLANG_CXX_LIBRARY = "libc++";
				CLANG_ENABLE_MODULES = YES;
				CLANG_ENABLE_OBJC_ARC = YES;
				CLANG_WARN_BOOL_CONVERSION = YES;
				CLANG_WARN_CONSTANT_CONVERSION = YES;
				CLANG_WARN_DIRECT_OBJC_ISA_USAGE = YES_ERROR;
				CLANG_WARN_DOCUMENTATION_COMMENTS = YES;
				CLANG_WARN_EMPTY_BODY = YES;
				CLANG_WARN_ENUM_CONVERSION = YES;
				CLANG_WARN_INFINITE_RECURSION = YES;
				CLANG_WARN_INT_CONVERSION = YES;
				CLANG_WARN_OBJC_ROOT_CLASS = YES_ERROR;
				CLANG_WARN_SUSPICIOUS_MOVES = YES;
				CLANG_WARN_UNREACHABLE_CODE = YES;
				CLANG_WARN__DUPLICATE_METHOD_MATCH = YES;
				"CODE_SIGN_IDENTITY[sdk=iphoneos*]" = "iPhone Developer";
				COPY_PHASE_STRIP = NO;
				DEBUG_INFORMATION_FORMAT = dwarf;
				ENABLE_STRICT_OBJC_MSGSEND = YES;
				ENABLE_TESTABILITY = YES;
				GCC_C_LANGUAGE_STANDARD = gnu99;
				GCC_DYNAMIC_NO_PIC = NO;
				GCC_NO_COMMON_BLOCKS = YES;
				GCC_OPTIMIZATION_LEVEL = 0;
				GCC_PREPROCESSOR_DEFINITIONS = (
					"DEBUG=1",
					"$(inherited)",
				);
				GCC_WARN_64_TO_32_BIT_CONVERSION = YES;
				GCC_WARN_ABOUT_RETURN_TYPE = YES_ERROR;
				GCC_WARN_UNDECLARED_SELECTOR = YES;
				GCC_WARN_UNINITIALIZED_AUTOS = YES_AGGRESSIVE;
				GCC_WARN_UNUSED_FUNCTION = YES;
				GCC_WARN_UNUSED_VARIABLE = YES;
				IPHONEOS_DEPLOYMENT_TARGET = 10.1;
				MTL_ENABLE_DEBUG_INFO = YES;
				ONLY_ACTIVE_ARCH = YES;
				SDKROOT = iphoneos;
				SWIFT_ACTIVE_COMPILATION_CONDITIONS = DEBUG;
				SWIFT_OPTIMIZATION_LEVEL = "-Onone";
				TARGETED_DEVICE_FAMILY = "1,2";
			};
			name = Debug;
		};
		2A228FAB1DE27A9F006CA100 /* Release */ = {
			isa = XCBuildConfiguration;
			buildSettings = {
				ALWAYS_SEARCH_USER_PATHS = NO;
				CLANG_ANALYZER_NONNULL = YES;
				CLANG_CXX_LANGUAGE_STANDARD = "gnu++0x";
				CLANG_CXX_LIBRARY = "libc++";
				CLANG_ENABLE_MODULES = YES;
				CLANG_ENABLE_OBJC_ARC = YES;
				CLANG_WARN_BOOL_CONVERSION = YES;
				CLANG_WARN_CONSTANT_CONVERSION = YES;
				CLANG_WARN_DIRECT_OBJC_ISA_USAGE = YES_ERROR;
				CLANG_WARN_DOCUMENTATION_COMMENTS = YES;
				CLANG_WARN_EMPTY_BODY = YES;
				CLANG_WARN_ENUM_CONVERSION = YES;
				CLANG_WARN_INFINITE_RECURSION = YES;
				CLANG_WARN_INT_CONVERSION = YES;
				CLANG_WARN_OBJC_ROOT_CLASS = YES_ERROR;
				CLANG_WARN_SUSPICIOUS_MOVES = YES;
				CLANG_WARN_UNREACHABLE_CODE = YES;
				CLANG_WARN__DUPLICATE_METHOD_MATCH = YES;
				"CODE_SIGN_IDENTITY[sdk=iphoneos*]" = "iPhone Developer";
				COPY_PHASE_STRIP = NO;
				DEBUG_INFORMATION_FORMAT = "dwarf-with-dsym";
				ENABLE_NS_ASSERTIONS = NO;
				ENABLE_STRICT_OBJC_MSGSEND = YES;
				GCC_C_LANGUAGE_STANDARD = gnu99;
				GCC_NO_COMMON_BLOCKS = YES;
				GCC_WARN_64_TO_32_BIT_CONVERSION = YES;
				GCC_WARN_ABOUT_RETURN_TYPE = YES_ERROR;
				GCC_WARN_UNDECLARED_SELECTOR = YES;
				GCC_WARN_UNINITIALIZED_AUTOS = YES_AGGRESSIVE;
				GCC_WARN_UNUSED_FUNCTION = YES;
				GCC_WARN_UNUSED_VARIABLE = YES;
				IPHONEOS_DEPLOYMENT_TARGET = 10.1;
				MTL_ENABLE_DEBUG_INFO = NO;
				SDKROOT = iphoneos;
				SWIFT_OPTIMIZATION_LEVEL = "-Owholemodule";
				TARGETED_DEVICE_FAMILY = "1,2";
				VALIDATE_PRODUCT = YES;
			};
			name = Release;
		};
		2A228FAD1DE27A9F006CA100 /* Debug */ = {
			isa = XCBuildConfiguration;
			buildSettings = {
				ASSETCATALOG_COMPILER_APPICON_NAME = AppIcon;
				DEVELOPMENT_TEAM = 68P9D67JUK;
				INFOPLIST_FILE = DreamLister/Info.plist;
				LD_RUNPATH_SEARCH_PATHS = "$(inherited) @executable_path/Frameworks";
				PRODUCT_BUNDLE_IDENTIFIER = br.eng.kimar.DreamLister;
				PRODUCT_NAME = "$(TARGET_NAME)";
				SWIFT_VERSION = 3.0;
			};
			name = Debug;
		};
		2A228FAE1DE27A9F006CA100 /* Release */ = {
			isa = XCBuildConfiguration;
			buildSettings = {
				ASSETCATALOG_COMPILER_APPICON_NAME = AppIcon;
				DEVELOPMENT_TEAM = 68P9D67JUK;
				INFOPLIST_FILE = DreamLister/Info.plist;
				LD_RUNPATH_SEARCH_PATHS = "$(inherited) @executable_path/Frameworks";
				PRODUCT_BUNDLE_IDENTIFIER = br.eng.kimar.DreamLister;
				PRODUCT_NAME = "$(TARGET_NAME)";
				SWIFT_VERSION = 3.0;
			};
			name = Release;
		};
/* End XCBuildConfiguration section */

/* Begin XCConfigurationList section */
		2A228F921DE27A9F006CA100 /* Build configuration list for PBXProject "DreamLister" */ = {
			isa = XCConfigurationList;
			buildConfigurations = (
				2A228FAA1DE27A9F006CA100 /* Debug */,
				2A228FAB1DE27A9F006CA100 /* Release */,
			);
			defaultConfigurationIsVisible = 0;
			defaultConfigurationName = Release;
		};
		2A228FAC1DE27A9F006CA100 /* Build configuration list for PBXNativeTarget "DreamLister" */ = {
			isa = XCConfigurationList;
			buildConfigurations = (
				2A228FAD1DE27A9F006CA100 /* Debug */,
				2A228FAE1DE27A9F006CA100 /* Release */,
			);
			defaultConfigurationIsVisible = 0;
		};
/* End XCConfigurationList section */

/* Begin XCVersionGroup section */
		2A228FA11DE27A9F006CA100 /* DreamLister.xcdatamodeld */ = {
			isa = XCVersionGroup;
			children = (
				2A228FA21DE27A9F006CA100 /* DreamLister.xcdatamodel */,
			);
			currentVersion = 2A228FA21DE27A9F006CA100 /* DreamLister.xcdatamodel */;
			path = DreamLister.xcdatamodeld;
			sourceTree = "<group>";
			versionGroupType = wrapper.xcdatamodel;
		};
/* End XCVersionGroup section */
	};
	rootObject = 2A228F8F1DE27A9F006CA100 /* Project object */;
}
